
Microsoft Visual Studio Solution File, Format Version 12.00
# Visual Studio Version 16
VisualStudioVersion = 16.0.29519.181
MinimumVisualStudioVersion = 10.0.40219.1
Project("{8BC9CEB8-8B4A-11D0-8D11-00A0C91BC942}") = "Day01", "Day01\Day01.vcxproj", "{2101D96E-55AF-4D39-9C0F-97474AF9775C}"
EndProject
Project("{8BC9CEB8-8B4A-11D0-8D11-00A0C91BC942}") = "Day02", "Day02\Day02.vcxproj", "{7A4283E4-0470-434C-A311-20BB057ED042}"
EndProject
Project("{8BC9CEB8-8B4A-11D0-8D11-00A0C91BC942}") = "Day03", "Day03\Day03.vcxproj", "{D8082EBC-E8D7-4427-9E9F-7C1C7AAA56B3}"
EndProject
Project("{8BC9CEB8-8B4A-11D0-8D11-00A0C91BC942}") = "Day04", "Day04\Day04.vcxproj", "{B8C895A0-45FE-4631-A832-2135FB4FFFBD}"
EndProject
Project("{8BC9CEB8-8B4A-11D0-8D11-00A0C91BC942}") = "Day05", "Day05\Day05.vcxproj", "{8A9813B0-7104-494C-B5C5-42F1FE3A8B6B}"
EndProject
Project("{8BC9CEB8-8B4A-11D0-8D11-00A0C91BC942}") = "Day06", "Day06\Day06.vcxproj", "{026DD456-9A92-41D7-9858-813CE410572E}"
EndProject
Project("{8BC9CEB8-8B4A-11D0-8D11-00A0C91BC942}") = "Day07", "Day07\Day07.vcxproj", "{BF510C1B-7A63-48E0-9273-68945724EA05}"
EndProject
Project("{8BC9CEB8-8B4A-11D0-8D11-00A0C91BC942}") = "HandheldConsole", "HandheldConsole\HandheldConsole.vcxproj", "{960BFE0F-C9D9-46C9-997E-B98C6F136852}"
EndProject
Project("{8BC9CEB8-8B4A-11D0-8D11-00A0C91BC942}") = "Day08", "Day08\Day08.vcxproj", "{21D4A362-48C7-4EED-9D59-FE43E5B64F2C}"
EndProject
Project("{8BC9CEB8-8B4A-11D0-8D11-00A0C91BC942}") = "Day09", "Day09\Day09.vcxproj", "{27B12866-235D-44A6-99D3-936503ADD0C3}"
EndProject
Global
	GlobalSection(SolutionConfigurationPlatforms) = preSolution
		Debug|x64 = Debug|x64
		Release|x64 = Release|x64
	EndGlobalSection
	GlobalSection(ProjectConfigurationPlatforms) = postSolution
		{2101D96E-55AF-4D39-9C0F-97474AF9775C}.Debug|x64.ActiveCfg = Debug|x64
		{2101D96E-55AF-4D39-9C0F-97474AF9775C}.Debug|x64.Build.0 = Debug|x64
		{2101D96E-55AF-4D39-9C0F-97474AF9775C}.Release|x64.ActiveCfg = Release|x64
		{2101D96E-55AF-4D39-9C0F-97474AF9775C}.Release|x64.Build.0 = Release|x64
		{7A4283E4-0470-434C-A311-20BB057ED042}.Debug|x64.ActiveCfg = Debug|x64
		{7A4283E4-0470-434C-A311-20BB057ED042}.Debug|x64.Build.0 = Debug|x64
		{7A4283E4-0470-434C-A311-20BB057ED042}.Release|x64.ActiveCfg = Release|x64
		{7A4283E4-0470-434C-A311-20BB057ED042}.Release|x64.Build.0 = Release|x64
		{D8082EBC-E8D7-4427-9E9F-7C1C7AAA56B3}.Debug|x64.ActiveCfg = Debug|x64
		{D8082EBC-E8D7-4427-9E9F-7C1C7AAA56B3}.Debug|x64.Build.0 = Debug|x64
		{D8082EBC-E8D7-4427-9E9F-7C1C7AAA56B3}.Release|x64.ActiveCfg = Release|x64
		{D8082EBC-E8D7-4427-9E9F-7C1C7AAA56B3}.Release|x64.Build.0 = Release|x64
		{B8C895A0-45FE-4631-A832-2135FB4FFFBD}.Debug|x64.ActiveCfg = Debug|x64
		{B8C895A0-45FE-4631-A832-2135FB4FFFBD}.Debug|x64.Build.0 = Debug|x64
		{B8C895A0-45FE-4631-A832-2135FB4FFFBD}.Release|x64.ActiveCfg = Release|x64
		{B8C895A0-45FE-4631-A832-2135FB4FFFBD}.Release|x64.Build.0 = Release|x64
		{8A9813B0-7104-494C-B5C5-42F1FE3A8B6B}.Debug|x64.ActiveCfg = Debug|x64
		{8A9813B0-7104-494C-B5C5-42F1FE3A8B6B}.Debug|x64.Build.0 = Debug|x64
		{8A9813B0-7104-494C-B5C5-42F1FE3A8B6B}.Release|x64.ActiveCfg = Release|x64
		{8A9813B0-7104-494C-B5C5-42F1FE3A8B6B}.Release|x64.Build.0 = Release|x64
		{026DD456-9A92-41D7-9858-813CE410572E}.Debug|x64.ActiveCfg = Debug|x64
		{026DD456-9A92-41D7-9858-813CE410572E}.Debug|x64.Build.0 = Debug|x64
		{026DD456-9A92-41D7-9858-813CE410572E}.Release|x64.ActiveCfg = Release|x64
		{026DD456-9A92-41D7-9858-813CE410572E}.Release|x64.Build.0 = Release|x64
		{BF510C1B-7A63-48E0-9273-68945724EA05}.Debug|x64.ActiveCfg = Debug|x64
		{BF510C1B-7A63-48E0-9273-68945724EA05}.Debug|x64.Build.0 = Debug|x64
		{BF510C1B-7A63-48E0-9273-68945724EA05}.Release|x64.ActiveCfg = Release|x64
		{BF510C1B-7A63-48E0-9273-68945724EA05}.Release|x64.Build.0 = Release|x64
		{960BFE0F-C9D9-46C9-997E-B98C6F136852}.Debug|x64.ActiveCfg = Debug|x64
		{960BFE0F-C9D9-46C9-997E-B98C6F136852}.Debug|x64.Build.0 = Debug|x64
		{960BFE0F-C9D9-46C9-997E-B98C6F136852}.Release|x64.ActiveCfg = Release|x64
		{960BFE0F-C9D9-46C9-997E-B98C6F136852}.Release|x64.Build.0 = Release|x64
		{21D4A362-48C7-4EED-9D59-FE43E5B64F2C}.Debug|x64.ActiveCfg = Debug|x64
		{21D4A362-48C7-4EED-9D59-FE43E5B64F2C}.Debug|x64.Build.0 = Debug|x64
		{21D4A362-48C7-4EED-9D59-FE43E5B64F2C}.Release|x64.ActiveCfg = Release|x64
		{21D4A362-48C7-4EED-9D59-FE43E5B64F2C}.Release|x64.Build.0 = Release|x64
		{27B12866-235D-44A6-99D3-936503ADD0C3}.Debug|x64.ActiveCfg = Debug|x64
		{27B12866-235D-44A6-99D3-936503ADD0C3}.Debug|x64.Build.0 = Debug|x64
		{27B12866-235D-44A6-99D3-936503ADD0C3}.Release|x64.ActiveCfg = Release|x64
		{27B12866-235D-44A6-99D3-936503ADD0C3}.Release|x64.Build.0 = Release|x64
	EndGlobalSection
	GlobalSection(SolutionProperties) = preSolution
		HideSolutionNode = FALSE
	EndGlobalSection
	GlobalSection(ExtensibilityGlobals) = postSolution
		SolutionGuid = {874D8AD4-C90F-41FC-9CA0-4F35E51A9D02}
	EndGlobalSection
EndGlobal
